{
    "_meta": {
        "hash": {
            "sha256": "4abaed7d53ffdbe085b6861c16d2e70936fd3549a66d587a7e9b03fd31ff89cc"
        },
        "pipfile-spec": 6,
        "requires": {
            "python_piiversion": "3.8"
        },
        "sources": [
            {
                "name": "pypi",
                "url": "https://pypi.python.org/simple",
                "verify_ssl": true
            }
        ]
    },
    "default": {
        "asgiref": {
            "hashes": [
                "sha256:7e06d934a7718bf3975acbf87780ba678957b87c7adc056f13b6215d610695a0",
                "sha256:ea448f92fc35a0ef4b1508f53a04c4670255a3f33d22a81c8fc9c872036adbe5"
            ],
            "version": "==3.2.3"
        },
        "beautifulsoup4": {
            "hashes": [
                "sha256:5279c36b4b2ec2cb4298d723791467e3000e5384a43ea0cdf5d45207c7e97169",
                "sha256:6135db2ba678168c07950f9a16c4031822c6f4aec75a65e0a97bc5ca09789931",
                "sha256:dcdef580e18a76d54002088602eba453eec38ebbcafafeaabd8cab12b6155d57"
            ],
            "version": "==4.8.1"
        },
        "django": {
            "hashes": [
                "sha256:6f857bd4e574442ba35a7172f1397b303167dae964cf18e53db5e85fe248d000",
                "sha256:d98c9b6e5eed147bc51f47c014ff6826bd1ab50b166956776ee13db5a58804ae"
            ],
            "index": "pypi",
            "version": "==3.0"
        },
        "django-bootstrap4": {
            "hashes": [
                "sha256:0fcd84f8414a58b43df0b331c00c8b2f1786ae28f75f419b4d33b06fca43e0d1",
                "sha256:39f97cbce85eb66f6d76be2029bae171bd3863d0c6932b1c2dae7f299c569b90"
            ],
            "index": "pypi",
            "version": "==1.1.1"
        },
        "django-environ": {
            "hashes": [
                "sha256:6c9d87660142608f63ec7d5ce5564c49b603ea8ff25da595fd6098f6dc82afde",
                "sha256:c57b3c11ec1f319d9474e3e5a79134f40174b17c7cc024bbb2fad84646b120c4"
            ],
            "index": "pypi",
            "version": "==0.4.5"
        },
        "fontawesome": {
            "hashes": [
                "sha256:1b5e8f2ed12a74b88aef6f404ff770af425324041bc5620523a802d5406595b8",
                "sha256:642d74da5f4726bb2c8f035a2f4a98fdc4294d213a291994ee0b3d845166f9e8"
            ],
            "index": "pypi",
            "version": "==5.10.1.post1"
        },
        "gunicorn": {
            "hashes": [
                "sha256:1904bb2b8a43658807108d59c3f3d56c2b6121a701161de0ddf9ad140073c626",
                "sha256:cd4a810dd51bf497552cf3f863b575dabd73d6ad6a91075b65936b151cbf4f9c"
            ],
            "index": "pypi",
            "version": "==20.0.4"
        },
        "imagekit": {
            "hashes": [
                "sha256:6727e38f11a322d1a4b067217054c2c0dc3d7ea9a866269d1c0262f77aef8eb4"
            ],
            "index": "pypi",
            "version": "==1.0.6"
        },
        "pytz": {
            "hashes": [
                "sha256:1c557d7d0e871de1f5ccd5833f60fb2550652da6be2693c1e02300743d21500d",
                "sha256:b02c06db6cf09c12dd25137e563b31700d3b80fcc4ad23abb7a315f2789819be"
            ],
            "version": "==2019.3"
        },
        "soupsieve": {
            "hashes": [
                "sha256:bdb0d917b03a1369ce964056fc195cfdff8819c40de04695a80bc813c3cfa1f5",
                "sha256:e2c1c5dee4a1c36bcb790e0fabd5492d874b8ebd4617622c4f6a731701060dda"
            ],
            "version": "==1.9.5"
        },
        "sqlparse": {
            "hashes": [
                "sha256:40afe6b8d4b1117e7dff5504d7a8ce07d9a1b15aeeade8a2d10f130a834f8177",
                "sha256:7c3dca29c022744e95b547e867cee89f4fce4373f3549ccd8797d8eb52cdb873"
            ],
            "version": "==0.3.0"
        }
    },
    "develop": {}
}
